
Microsoft Visual Studio Solution File, Format Version 12.00
# Visual Studio Version 17
VisualStudioVersion = 17.1.31911.260
MinimumVisualStudioVersion = 10.0.40219.1
Project("{FAE04EC0-301F-11D3-BF4B-00C04F79EFBC}") = "AFAF", "AFAF.csproj", "{79E98A31-11B8-4CFF-A32C-FFCC92F837C3}"
EndProject
Global
	GlobalSection(SolutionConfigurationPlatforms) = preSolution
		Debug|Any CPU = Debug|Any CPU
		Release|Any CPU = Release|Any CPU
	EndGlobalSection
	GlobalSection(ProjectConfigurationPlatforms) = postSolution
		{79E98A31-11B8-4CFF-A32C-FFCC92F837C3}.Debug|Any CPU.ActiveCfg = Debug|Any CPU
		{79E98A31-11B8-4CFF-A32C-FFCC92F837C3}.Debug|Any CPU.Build.0 = Debug|Any CPU
		{79E98A31-11B8-4CFF-A32C-FFCC92F837C3}.Release|Any CPU.ActiveCfg = Release|Any CPU
		{79E98A31-11B8-4CFF-A32C-FFCC92F837C3}.Release|Any CPU.Build.0 = Release|Any CPU
	EndGlobalSection
	GlobalSection(SolutionProperties) = preSolution
		HideSolutionNode = FALSE
	EndGlobalSection
	GlobalSection(ExtensibilityGlobals) = postSolution
		SolutionGuid = {AB30941D-F422-4FFA-ABEC-2357148040B6}
	EndGlobalSection
EndGlobal
